
Microsoft Visual Studio Solution File, Format Version 12.00
# Visual Studio Version 16
VisualStudioVersion = 16.0.29920.165
MinimumVisualStudioVersion = 10.0.40219.1
Project("{FAE04EC0-301F-11D3-BF4B-00C04F79EFBC}") = "Geometria", "Geometria\Geometria.csproj", "{5AD1C63C-76BE-4792-A3E5-BAFE150E1C61}"
EndProject
Global
	GlobalSection(SolutionConfigurationPlatforms) = preSolution
		Debug|Any CPU = Debug|Any CPU
		Release|Any CPU = Release|Any CPU
	EndGlobalSection
	GlobalSection(ProjectConfigurationPlatforms) = postSolution
		{5AD1C63C-76BE-4792-A3E5-BAFE150E1C61}.Debug|Any CPU.ActiveCfg = Debug|Any CPU
		{5AD1C63C-76BE-4792-A3E5-BAFE150E1C61}.Debug|Any CPU.Build.0 = Debug|Any CPU
		{5AD1C63C-76BE-4792-A3E5-BAFE150E1C61}.Release|Any CPU.ActiveCfg = Release|Any CPU
		{5AD1C63C-76BE-4792-A3E5-BAFE150E1C61}.Release|Any CPU.Build.0 = Release|Any CPU
	EndGlobalSection
	GlobalSection(SolutionProperties) = preSolution
		HideSolutionNode = FALSE
	EndGlobalSection
	GlobalSection(ExtensibilityGlobals) = postSolution
		SolutionGuid = {5F8F2B51-8F2D-4BCF-AE25-AC2B84BB60C8}
	EndGlobalSection
EndGlobal
