
Microsoft Visual Studio Solution File, Format Version 12.00
# Visual Studio Version 16
VisualStudioVersion = 16.0.30011.22
MinimumVisualStudioVersion = 10.0.40219.1
Project("{FAE04EC0-301F-11D3-BF4B-00C04F79EFBC}") = "Entidades", "Entidades\Entidades.csproj", "{C6D4D107-D2C8-4FED-8997-8B5CA2D7582A}"
EndProject
Project("{FAE04EC0-301F-11D3-BF4B-00C04F79EFBC}") = "Ejercicio34", "Ejercicio34\Ejercicio34.csproj", "{2BBAC3E5-E40B-4A31-A902-C793F9B5CEBE}"
EndProject
Global
	GlobalSection(SolutionConfigurationPlatforms) = preSolution
		Debug|Any CPU = Debug|Any CPU
		Release|Any CPU = Release|Any CPU
	EndGlobalSection
	GlobalSection(ProjectConfigurationPlatforms) = postSolution
		{C6D4D107-D2C8-4FED-8997-8B5CA2D7582A}.Debug|Any CPU.ActiveCfg = Debug|Any CPU
		{C6D4D107-D2C8-4FED-8997-8B5CA2D7582A}.Debug|Any CPU.Build.0 = Debug|Any CPU
		{C6D4D107-D2C8-4FED-8997-8B5CA2D7582A}.Release|Any CPU.ActiveCfg = Release|Any CPU
		{C6D4D107-D2C8-4FED-8997-8B5CA2D7582A}.Release|Any CPU.Build.0 = Release|Any CPU
		{2BBAC3E5-E40B-4A31-A902-C793F9B5CEBE}.Debug|Any CPU.ActiveCfg = Debug|Any CPU
		{2BBAC3E5-E40B-4A31-A902-C793F9B5CEBE}.Debug|Any CPU.Build.0 = Debug|Any CPU
		{2BBAC3E5-E40B-4A31-A902-C793F9B5CEBE}.Release|Any CPU.ActiveCfg = Release|Any CPU
		{2BBAC3E5-E40B-4A31-A902-C793F9B5CEBE}.Release|Any CPU.Build.0 = Release|Any CPU
	EndGlobalSection
	GlobalSection(SolutionProperties) = preSolution
		HideSolutionNode = FALSE
	EndGlobalSection
	GlobalSection(ExtensibilityGlobals) = postSolution
		SolutionGuid = {580FDE06-B954-438C-B47C-7C52824A81D2}
	EndGlobalSection
EndGlobal
