
Microsoft Visual Studio Solution File, Format Version 12.00
# Visual Studio Version 16
VisualStudioVersion = 16.0.30011.22
MinimumVisualStudioVersion = 10.0.40219.1
Project("{FAE04EC0-301F-11D3-BF4B-00C04F79EFBC}") = "Ejercicio26", "Ejercicio26\Ejercicio26.csproj", "{E30CE4B9-AC10-4B93-8739-C8911B2BBD85}"
EndProject
Global
	GlobalSection(SolutionConfigurationPlatforms) = preSolution
		Debug|Any CPU = Debug|Any CPU
		Release|Any CPU = Release|Any CPU
	EndGlobalSection
	GlobalSection(ProjectConfigurationPlatforms) = postSolution
		{E30CE4B9-AC10-4B93-8739-C8911B2BBD85}.Debug|Any CPU.ActiveCfg = Debug|Any CPU
		{E30CE4B9-AC10-4B93-8739-C8911B2BBD85}.Debug|Any CPU.Build.0 = Debug|Any CPU
		{E30CE4B9-AC10-4B93-8739-C8911B2BBD85}.Release|Any CPU.ActiveCfg = Release|Any CPU
		{E30CE4B9-AC10-4B93-8739-C8911B2BBD85}.Release|Any CPU.Build.0 = Release|Any CPU
	EndGlobalSection
	GlobalSection(SolutionProperties) = preSolution
		HideSolutionNode = FALSE
	EndGlobalSection
	GlobalSection(ExtensibilityGlobals) = postSolution
		SolutionGuid = {9C666F6A-049C-46E5-83A8-3CA2FE27A7DE}
	EndGlobalSection
EndGlobal
