
Microsoft Visual Studio Solution File, Format Version 12.00
# Visual Studio Version 16
VisualStudioVersion = 16.0.29920.165
MinimumVisualStudioVersion = 10.0.40219.1
Project("{FAE04EC0-301F-11D3-BF4B-00C04F79EFBC}") = "Ejercicio25", "Ejercicio25\Ejercicio25.csproj", "{CFBBE34F-29FB-4209-908A-880AB8256F51}"
EndProject
Project("{FAE04EC0-301F-11D3-BF4B-00C04F79EFBC}") = "Conversor", "Conversor\Conversor.csproj", "{70AC2CBE-6FE7-4299-BA0E-47DE44CB1246}"
EndProject
Global
	GlobalSection(SolutionConfigurationPlatforms) = preSolution
		Debug|Any CPU = Debug|Any CPU
		Release|Any CPU = Release|Any CPU
	EndGlobalSection
	GlobalSection(ProjectConfigurationPlatforms) = postSolution
		{CFBBE34F-29FB-4209-908A-880AB8256F51}.Debug|Any CPU.ActiveCfg = Debug|Any CPU
		{CFBBE34F-29FB-4209-908A-880AB8256F51}.Debug|Any CPU.Build.0 = Debug|Any CPU
		{CFBBE34F-29FB-4209-908A-880AB8256F51}.Release|Any CPU.ActiveCfg = Release|Any CPU
		{CFBBE34F-29FB-4209-908A-880AB8256F51}.Release|Any CPU.Build.0 = Release|Any CPU
		{70AC2CBE-6FE7-4299-BA0E-47DE44CB1246}.Debug|Any CPU.ActiveCfg = Debug|Any CPU
		{70AC2CBE-6FE7-4299-BA0E-47DE44CB1246}.Debug|Any CPU.Build.0 = Debug|Any CPU
		{70AC2CBE-6FE7-4299-BA0E-47DE44CB1246}.Release|Any CPU.ActiveCfg = Release|Any CPU
		{70AC2CBE-6FE7-4299-BA0E-47DE44CB1246}.Release|Any CPU.Build.0 = Release|Any CPU
	EndGlobalSection
	GlobalSection(SolutionProperties) = preSolution
		HideSolutionNode = FALSE
	EndGlobalSection
	GlobalSection(ExtensibilityGlobals) = postSolution
		SolutionGuid = {FFC2F553-5CF0-41A5-B44B-76E086B3504D}
	EndGlobalSection
EndGlobal
